
Microsoft Visual Studio Solution File, Format Version 12.00
# Visual Studio 15
VisualStudioVersion = 15.0.27004.2009
MinimumVisualStudioVersion = 10.0.40219.1
Project("{FAE04EC0-301F-11D3-BF4B-00C04F79EFBC}") = "DictionariesAndLINQ - Lab", "DictionariesAndLINQ - Lab\DictionariesAndLINQ - Lab.csproj", "{DBA3A0AC-CA6E-4502-9836-FFBBA2C6E6E9}"
EndProject
Project("{FAE04EC0-301F-11D3-BF4B-00C04F79EFBC}") = "01.Odd Occurrences", "01.Odd Occurrences\01.Odd Occurrences.csproj", "{FC41C1B6-1E04-4955-9D33-6A7637B24599}"
EndProject
Project("{FAE04EC0-301F-11D3-BF4B-00C04F79EFBC}") = "DictionariesNestedCollectionsLINQAndLambda", "..\DictionariesNestedCollectionsLINQAndLambda\DictionariesNestedCollectionsLINQAndLambda\DictionariesNestedCollectionsLINQAndLambda.csproj", "{F7FF4815-72AA-499A-8588-A61B085F2DBF}"
EndProject
Project("{FAE04EC0-301F-11D3-BF4B-00C04F79EFBC}") = "01.PhoneBook", "..\DictionariesNestedCollectionsLINQAndLambda\01.PhoneBook\01.PhoneBook.csproj", "{A7D03E51-6536-4CBD-878E-51D76B6AE815}"
EndProject
Project("{FAE04EC0-301F-11D3-BF4B-00C04F79EFBC}") = "OddOccurrences", "..\DictionariesNestedCollectionsLINQAndLambda\OddOccurrences\OddOccurrences.csproj", "{DA46C476-2119-4203-B9D3-72941E3FA60D}"
EndProject
Global
	GlobalSection(SolutionConfigurationPlatforms) = preSolution
		Debug|Any CPU = Debug|Any CPU
		Release|Any CPU = Release|Any CPU
	EndGlobalSection
	GlobalSection(ProjectConfigurationPlatforms) = postSolution
		{DBA3A0AC-CA6E-4502-9836-FFBBA2C6E6E9}.Debug|Any CPU.ActiveCfg = Debug|Any CPU
		{DBA3A0AC-CA6E-4502-9836-FFBBA2C6E6E9}.Debug|Any CPU.Build.0 = Debug|Any CPU
		{DBA3A0AC-CA6E-4502-9836-FFBBA2C6E6E9}.Release|Any CPU.ActiveCfg = Release|Any CPU
		{DBA3A0AC-CA6E-4502-9836-FFBBA2C6E6E9}.Release|Any CPU.Build.0 = Release|Any CPU
		{FC41C1B6-1E04-4955-9D33-6A7637B24599}.Debug|Any CPU.ActiveCfg = Debug|Any CPU
		{FC41C1B6-1E04-4955-9D33-6A7637B24599}.Debug|Any CPU.Build.0 = Debug|Any CPU
		{FC41C1B6-1E04-4955-9D33-6A7637B24599}.Release|Any CPU.ActiveCfg = Release|Any CPU
		{FC41C1B6-1E04-4955-9D33-6A7637B24599}.Release|Any CPU.Build.0 = Release|Any CPU
		{F7FF4815-72AA-499A-8588-A61B085F2DBF}.Debug|Any CPU.ActiveCfg = Debug|Any CPU
		{F7FF4815-72AA-499A-8588-A61B085F2DBF}.Debug|Any CPU.Build.0 = Debug|Any CPU
		{F7FF4815-72AA-499A-8588-A61B085F2DBF}.Release|Any CPU.ActiveCfg = Release|Any CPU
		{F7FF4815-72AA-499A-8588-A61B085F2DBF}.Release|Any CPU.Build.0 = Release|Any CPU
		{A7D03E51-6536-4CBD-878E-51D76B6AE815}.Debug|Any CPU.ActiveCfg = Debug|Any CPU
		{A7D03E51-6536-4CBD-878E-51D76B6AE815}.Debug|Any CPU.Build.0 = Debug|Any CPU
		{A7D03E51-6536-4CBD-878E-51D76B6AE815}.Release|Any CPU.ActiveCfg = Release|Any CPU
		{A7D03E51-6536-4CBD-878E-51D76B6AE815}.Release|Any CPU.Build.0 = Release|Any CPU
		{DA46C476-2119-4203-B9D3-72941E3FA60D}.Debug|Any CPU.ActiveCfg = Debug|Any CPU
		{DA46C476-2119-4203-B9D3-72941E3FA60D}.Debug|Any CPU.Build.0 = Debug|Any CPU
		{DA46C476-2119-4203-B9D3-72941E3FA60D}.Release|Any CPU.ActiveCfg = Release|Any CPU
		{DA46C476-2119-4203-B9D3-72941E3FA60D}.Release|Any CPU.Build.0 = Release|Any CPU
	EndGlobalSection
	GlobalSection(SolutionProperties) = preSolution
		HideSolutionNode = FALSE
	EndGlobalSection
	GlobalSection(ExtensibilityGlobals) = postSolution
		SolutionGuid = {5C758A89-A644-42EF-B1B7-067582D3E16A}
	EndGlobalSection
EndGlobal
